<?xml version="1.0" encoding="utf-8"?>
<Project ToolsVersion="4.0" xmlns="http://schemas.microsoft.com/developer/msbuild/2003">
  <ItemGroup>
    <ClCompile Include="Main.cpp" />
    <ClCompile Include="Window.cpp" />
    <ClCompile Include="Assert.cpp" />
    <ClCompile Include="GraphicsCore.cpp" />
    <ClCompile Include="SwapChain.cpp" />
    <ClCompile Include="CommandQueue.cpp" />
    <ClCompile Include="CommandContext.cpp" />
    <ClCompile Include="GpuSyncPoint.cpp" />
    <ClCompile Include="GpuResource.cpp" />
    <ClCompile Include="ResourceDescriptorManager.cpp" />
    <ClCompile Include="DynamicDescriptorTableBuilder.cpp" />
    <ClCompile Include="GraphicsContext.cpp" />
    <ClCompile Include="DebugLayer.cpp" />
    <ClCompile Include="DearImGui.cpp" />
    <ClCompile Include="..\external\imgui\imgui.cpp">
      <Filter>external\imgui</Filter>
    </ClCompile>
    <ClCompile Include="..\external\imgui\imgui_demo.cpp">
      <Filter>external\imgui</Filter>
    </ClCompile>
    <ClCompile Include="..\external\imgui\imgui_draw.cpp">
      <Filter>external\imgui</Filter>
    </ClCompile>
    <ClCompile Include="..\external\imgui\imgui_tables.cpp">
      <Filter>external\imgui</Filter>
    </ClCompile>
    <ClCompile Include="..\external\imgui\imgui_widgets.cpp">
      <Filter>external\imgui</Filter>
    </ClCompile>
    <ClCompile Include="..\external\imgui\backends\imgui_impl_dx12.cpp">
      <Filter>external\imgui</Filter>
    </ClCompile>
    <ClCompile Include="..\external\imgui\backends\imgui_impl_win32.cpp">
      <Filter>external\imgui</Filter>
    </ClCompile>
    <ClCompile Include="pch.cpp" />
  </ItemGroup>
  <ItemGroup>
    <ClInclude Include="Window.h" />
    <ClInclude Include="Assert.h" />
    <ClInclude Include="GraphicsCore.h" />
    <ClInclude Include="SwapChain.h" />
    <ClInclude Include="CommandQueue.h" />
    <ClInclude Include="CommandContext.h" />
    <ClInclude Include="GpuSyncPoint.h" />
    <ClInclude Include="GpuResource.h" />
    <ClInclude Include="ResourceDescriptorManager.h" />
    <ClInclude Include="ResourceDescriptor.h" />
    <ClInclude Include="DynamicDescriptorTableBuilder.h" />
    <ClInclude Include="DynamicDescriptorTable.h" />
    <ClInclude Include="GraphicsContext.h" />
    <ClInclude Include="RenderTargetView.h" />
    <ClInclude Include="BackBuffer.h" />
    <ClInclude Include="DebugLayer.h" />
    <ClInclude Include="DearImGui.h" />
    <ClInclude Include="pch.h" />
  </ItemGroup>
  <ItemGroup>
    <None Include="packages.config" />
  </ItemGroup>
  <ItemGroup>
    <Filter Include="external">
      <UniqueIdentifier>{1e97fcc4-23ea-4087-8b10-15f0eeea1c02}</UniqueIdentifier>
    </Filter>
    <Filter Include="external\imgui">
      <UniqueIdentifier>{76afd895-8678-42e9-ac17-f6f03c1dc9a5}</UniqueIdentifier>
    </Filter>
  </ItemGroup>
</Project>